
Microsoft Visual Studio Solution File, Format Version 12.00
# Visual Studio Version 16
VisualStudioVersion = 16.0.30011.22
MinimumVisualStudioVersion = 10.0.40219.1
Project("{FAE04EC0-301F-11D3-BF4B-00C04F79EFBC}") = "AirMonitor.Android", "AirMonitor\AirMonitor.Android\AirMonitor.Android.csproj", "{5CD68712-F284-4402-A86B-1C23CBABB6A4}"
EndProject
Project("{FAE04EC0-301F-11D3-BF4B-00C04F79EFBC}") = "AirMonitor", "AirMonitor\AirMonitor\AirMonitor.csproj", "{A47BB40F-EC30-46BE-9DE5-6286180D344E}"
EndProject
Global
	GlobalSection(SolutionConfigurationPlatforms) = preSolution
		Debug|Any CPU = Debug|Any CPU
		Release|Any CPU = Release|Any CPU
	EndGlobalSection
	GlobalSection(ProjectConfigurationPlatforms) = postSolution
		{5CD68712-F284-4402-A86B-1C23CBABB6A4}.Debug|Any CPU.ActiveCfg = Debug|Any CPU
		{5CD68712-F284-4402-A86B-1C23CBABB6A4}.Debug|Any CPU.Build.0 = Debug|Any CPU
		{5CD68712-F284-4402-A86B-1C23CBABB6A4}.Debug|Any CPU.Deploy.0 = Debug|Any CPU
		{5CD68712-F284-4402-A86B-1C23CBABB6A4}.Release|Any CPU.ActiveCfg = Release|Any CPU
		{5CD68712-F284-4402-A86B-1C23CBABB6A4}.Release|Any CPU.Build.0 = Release|Any CPU
		{5CD68712-F284-4402-A86B-1C23CBABB6A4}.Release|Any CPU.Deploy.0 = Release|Any CPU
		{A47BB40F-EC30-46BE-9DE5-6286180D344E}.Debug|Any CPU.ActiveCfg = Debug|Any CPU
		{A47BB40F-EC30-46BE-9DE5-6286180D344E}.Debug|Any CPU.Build.0 = Debug|Any CPU
		{A47BB40F-EC30-46BE-9DE5-6286180D344E}.Debug|Any CPU.Deploy.0 = Debug|Any CPU
		{A47BB40F-EC30-46BE-9DE5-6286180D344E}.Release|Any CPU.ActiveCfg = Release|Any CPU
		{A47BB40F-EC30-46BE-9DE5-6286180D344E}.Release|Any CPU.Build.0 = Release|Any CPU
		{A47BB40F-EC30-46BE-9DE5-6286180D344E}.Release|Any CPU.Deploy.0 = Release|Any CPU
	EndGlobalSection
	GlobalSection(SolutionProperties) = preSolution
		HideSolutionNode = FALSE
	EndGlobalSection
	GlobalSection(ExtensibilityGlobals) = postSolution
		SolutionGuid = {87BC747A-EB80-40DE-9816-394D506BBE97}
	EndGlobalSection
EndGlobal
